
Microsoft Visual Studio Solution File, Format Version 12.00
# Visual Studio Version 17
VisualStudioVersion = 17.6.33801.468
MinimumVisualStudioVersion = 10.0.40219.1
Project("{8BC9CEB8-8B4A-11D0-8D11-00A0C91BC942}") = "vj1", "vj1.vcxproj", "{387DD7BB-F9B2-4CA7-A81F-018874010A8F}"
EndProject
Global
	GlobalSection(SolutionConfigurationPlatforms) = preSolution
		Debug|x64 = Debug|x64
		Debug|x86 = Debug|x86
		Release|x64 = Release|x64
		Release|x86 = Release|x86
	EndGlobalSection
	GlobalSection(ProjectConfigurationPlatforms) = postSolution
		{387DD7BB-F9B2-4CA7-A81F-018874010A8F}.Debug|x64.ActiveCfg = Debug|x64
		{387DD7BB-F9B2-4CA7-A81F-018874010A8F}.Debug|x64.Build.0 = Debug|x64
		{387DD7BB-F9B2-4CA7-A81F-018874010A8F}.Debug|x86.ActiveCfg = Debug|Win32
		{387DD7BB-F9B2-4CA7-A81F-018874010A8F}.Debug|x86.Build.0 = Debug|Win32
		{387DD7BB-F9B2-4CA7-A81F-018874010A8F}.Release|x64.ActiveCfg = Release|x64
		{387DD7BB-F9B2-4CA7-A81F-018874010A8F}.Release|x64.Build.0 = Release|x64
		{387DD7BB-F9B2-4CA7-A81F-018874010A8F}.Release|x86.ActiveCfg = Release|Win32
		{387DD7BB-F9B2-4CA7-A81F-018874010A8F}.Release|x86.Build.0 = Release|Win32
	EndGlobalSection
	GlobalSection(SolutionProperties) = preSolution
		HideSolutionNode = FALSE
	EndGlobalSection
	GlobalSection(ExtensibilityGlobals) = postSolution
		SolutionGuid = {1C655412-AEB6-41B7-A1B4-377F83587931}
	EndGlobalSection
EndGlobal
